
Microsoft Visual Studio Solution File, Format Version 12.00
# Visual Studio Version 17
VisualStudioVersion = 17.1.32210.238
MinimumVisualStudioVersion = 10.0.40219.1
Project("{FAE04EC0-301F-11D3-BF4B-00C04F79EFBC}") = "AspNetCorePlatform", "AspNetCorePlatform\AspNetCorePlatform.csproj", "{686578BB-90EB-4B3B-AF2F-EF75C19DD87A}"
EndProject
Global
	GlobalSection(SolutionConfigurationPlatforms) = preSolution
		Debug|Any CPU = Debug|Any CPU
		Release|Any CPU = Release|Any CPU
	EndGlobalSection
	GlobalSection(ProjectConfigurationPlatforms) = postSolution
		{686578BB-90EB-4B3B-AF2F-EF75C19DD87A}.Debug|Any CPU.ActiveCfg = Debug|Any CPU
		{686578BB-90EB-4B3B-AF2F-EF75C19DD87A}.Debug|Any CPU.Build.0 = Debug|Any CPU
		{686578BB-90EB-4B3B-AF2F-EF75C19DD87A}.Release|Any CPU.ActiveCfg = Release|Any CPU
		{686578BB-90EB-4B3B-AF2F-EF75C19DD87A}.Release|Any CPU.Build.0 = Release|Any CPU
	EndGlobalSection
	GlobalSection(SolutionProperties) = preSolution
		HideSolutionNode = FALSE
	EndGlobalSection
	GlobalSection(ExtensibilityGlobals) = postSolution
		SolutionGuid = {150D66C7-43A5-4E5F-8F56-38F1F796C9DE}
	EndGlobalSection
EndGlobal
